// !$*UTF8*$!
{
	archiveVersion = 1;
	classes = {
	};
	objectVersion = 46;
	objects = {

/* Begin PBXBuildFile section */
		9433434F1B3BE62000C5B265 /* AFHTTPRequestOperation.m in Sources */ = {isa = PBXBuildFile; fileRef = 9433433D1B3BE62000C5B265 /* AFHTTPRequestOperation.m */; };
		943343501B3BE62000C5B265 /* AFHTTPRequestOperationManager.m in Sources */ = {isa = PBXBuildFile; fileRef = 9433433F1B3BE62000C5B265 /* AFHTTPRequestOperationManager.m */; };
		943343511B3BE62000C5B265 /* AFHTTPSessionManager.m in Sources */ = {isa = PBXBuildFile; fileRef = 943343411B3BE62000C5B265 /* AFHTTPSessionManager.m */; };
		943343521B3BE62000C5B265 /* AFNetworkReachabilityManager.m in Sources */ = {isa = PBXBuildFile; fileRef = 943343441B3BE62000C5B265 /* AFNetworkReachabilityManager.m */; };
		943343531B3BE62000C5B265 /* AFSecurityPolicy.m in Sources */ = {isa = PBXBuildFile; fileRef = 943343461B3BE62000C5B265 /* AFSecurityPolicy.m */; };
		943343541B3BE62000C5B265 /* AFURLConnectionOperation.m in Sources */ = {isa = PBXBuildFile; fileRef = 943343481B3BE62000C5B265 /* AFURLConnectionOperation.m */; };
		943343551B3BE62100C5B265 /* AFURLRequestSerialization.m in Sources */ = {isa = PBXBuildFile; fileRef = 9433434A1B3BE62000C5B265 /* AFURLRequestSerialization.m */; };
		943343561B3BE62100C5B265 /* AFURLResponseSerialization.m in Sources */ = {isa = PBXBuildFile; fileRef = 9433434C1B3BE62000C5B265 /* AFURLResponseSerialization.m */; };
		943343571B3BE62100C5B265 /* AFURLSessionManager.m in Sources */ = {isa = PBXBuildFile; fileRef = 9433434E1B3BE62000C5B265 /* AFURLSessionManager.m */; };
		9433435A1B3C31AB00C5B265 /* Coordinates.m in Sources */ = {isa = PBXBuildFile; fileRef = 943343591B3C31AB00C5B265 /* Coordinates.m */; };
		94933B9D1B3D45BD000FE6B5 /* ZonesViewController.m in Sources */ = {isa = PBXBuildFile; fileRef = 94933B9C1B3D45BD000FE6B5 /* ZonesViewController.m */; };
		949538BB1B38914000D4319C /* main.m in Sources */ = {isa = PBXBuildFile; fileRef = 949538BA1B38914000D4319C /* main.m */; };
		949538BE1B38914000D4319C /* AppDelegate.m in Sources */ = {isa = PBXBuildFile; fileRef = 949538BD1B38914000D4319C /* AppDelegate.m */; };
		949538C41B38914000D4319C /* Main.storyboard in Resources */ = {isa = PBXBuildFile; fileRef = 949538C21B38914000D4319C /* Main.storyboard */; };
		949538C91B38914000D4319C /* LaunchScreen.xib in Resources */ = {isa = PBXBuildFile; fileRef = 949538C71B38914000D4319C /* LaunchScreen.xib */; };
		949538D51B38914000D4319C /* IndexerAdminTests.m in Sources */ = {isa = PBXBuildFile; fileRef = 949538D41B38914000D4319C /* IndexerAdminTests.m */; };
		949538E71B3894D300D4319C /* User.m in Sources */ = {isa = PBXBuildFile; fileRef = 949538E61B3894D300D4319C /* User.m */; };
		949538EA1B3899FD00D4319C /* Administator.m in Sources */ = {isa = PBXBuildFile; fileRef = 949538E91B3899FD00D4319C /* Administator.m */; };
		949538ED1B389BC400D4319C /* Zone.m in Sources */ = {isa = PBXBuildFile; fileRef = 949538EC1B389BC400D4319C /* Zone.m */; };
		949538F01B38A2DD00D4319C /* Note.m in Sources */ = {isa = PBXBuildFile; fileRef = 949538EF1B38A2DD00D4319C /* Note.m */; };
		949538F51B38B02F00D4319C /* MapKit.framework in Frameworks */ = {isa = PBXBuildFile; fileRef = 949538F41B38B02F00D4319C /* MapKit.framework */; };
		949BA2251B3DA0B90026A9A8 /* DetailViewController.m in Sources */ = {isa = PBXBuildFile; fileRef = 949BA2241B3DA0B90026A9A8 /* DetailViewController.m */; };
		94E5004B1B4145A500367EB9 /* NoteTableViewCell.m in Sources */ = {isa = PBXBuildFile; fileRef = 94E5004A1B4145A500367EB9 /* NoteTableViewCell.m */; };
		94F417F41B39358C0032ECCB /* LoginViewController.m in Sources */ = {isa = PBXBuildFile; fileRef = 94F417F31B39358C0032ECCB /* LoginViewController.m */; };
		94F417FC1B393DA10032ECCB /* AdministrationViewController.m in Sources */ = {isa = PBXBuildFile; fileRef = 94F417FB1B393DA10032ECCB /* AdministrationViewController.m */; };
		94F6AEA81B4573AD003A4F90 /* appli_ic.png in Resources */ = {isa = PBXBuildFile; fileRef = 94F6AEA71B4573AD003A4F90 /* appli_ic.png */; };
		94F6AEB11B459070003A4F90 /* HomeViewController.m in Sources */ = {isa = PBXBuildFile; fileRef = 94F6AEB01B459070003A4F90 /* HomeViewController.m */; };
		94F6AEB31B45A8F3003A4F90 /* Icon.png in Resources */ = {isa = PBXBuildFile; fileRef = 94F6AEB21B45A8F3003A4F90 /* Icon.png */; };
		94F6AEB61B45A9A1003A4F90 /* Images.xcassets in Resources */ = {isa = PBXBuildFile; fileRef = 94F6AEB51B45A9A1003A4F90 /* Images.xcassets */; };
/* End PBXBuildFile section */

/* Begin PBXContainerItemProxy section */
		949538CF1B38914000D4319C /* PBXContainerItemProxy */ = {
			isa = PBXContainerItemProxy;
			containerPortal = 949538AD1B38914000D4319C /* Project object */;
			proxyType = 1;
			remoteGlobalIDString = 949538B41B38914000D4319C;
			remoteInfo = IndexerAdmin;
		};
/* End PBXContainerItemProxy section */

/* Begin PBXFileReference section */
		9433433C1B3BE62000C5B265 /* AFHTTPRequestOperation.h */ = {isa = PBXFileReference; fileEncoding = 4; lastKnownFileType = sourcecode.c.h; path = AFHTTPRequestOperation.h; sourceTree = "<group>"; };
		9433433D1B3BE62000C5B265 /* AFHTTPRequestOperation.m */ = {isa = PBXFileReference; fileEncoding = 4; lastKnownFileType = sourcecode.c.objc; path = AFHTTPRequestOperation.m; sourceTree = "<group>"; };
		9433433E1B3BE62000C5B265 /* AFHTTPRequestOperationManager.h */ = {isa = PBXFileReference; fileEncoding = 4; lastKnownFileType = sourcecode.c.h; path = AFHTTPRequestOperationManager.h; sourceTree = "<group>"; };
		9433433F1B3BE62000C5B265 /* AFHTTPRequestOperationManager.m */ = {isa = PBXFileReference; fileEncoding = 4; lastKnownFileType = sourcecode.c.objc; path = AFHTTPRequestOperationManager.m; sourceTree = "<group>"; };
		943343401B3BE62000C5B265 /* AFHTTPSessionManager.h */ = {isa = PBXFileReference; fileEncoding = 4; lastKnownFileType = sourcecode.c.h; path = AFHTTPSessionManager.h; sourceTree = "<group>"; };
		943343411B3BE62000C5B265 /* AFHTTPSessionManager.m */ = {isa = PBXFileReference; fileEncoding = 4; lastKnownFileType = sourcecode.c.objc; path = AFHTTPSessionManager.m; sourceTree = "<group>"; };
		943343421B3BE62000C5B265 /* AFNetworking.h */ = {isa = PBXFileReference; fileEncoding = 4; lastKnownFileType = sourcecode.c.h; path = AFNetworking.h; sourceTree = "<group>"; };
		943343431B3BE62000C5B265 /* AFNetworkReachabilityManager.h */ = {isa = PBXFileReference; fileEncoding = 4; lastKnownFileType = sourcecode.c.h; path = AFNetworkReachabilityManager.h; sourceTree = "<group>"; };
		943343441B3BE62000C5B265 /* AFNetworkReachabilityManager.m */ = {isa = PBXFileReference; fileEncoding = 4; lastKnownFileType = sourcecode.c.objc; path = AFNetworkReachabilityManager.m; sourceTree = "<group>"; };
		943343451B3BE62000C5B265 /* AFSecurityPolicy.h */ = {isa = PBXFileReference; fileEncoding = 4; lastKnownFileType = sourcecode.c.h; path = AFSecurityPolicy.h; sourceTree = "<group>"; };
		943343461B3BE62000C5B265 /* AFSecurityPolicy.m */ = {isa = PBXFileReference; fileEncoding = 4; lastKnownFileType = sourcecode.c.objc; path = AFSecurityPolicy.m; sourceTree = "<group>"; };
		943343471B3BE62000C5B265 /* AFURLConnectionOperation.h */ = {isa = PBXFileReference; fileEncoding = 4; lastKnownFileType = sourcecode.c.h; path = AFURLConnectionOperation.h; sourceTree = "<group>"; };
		943343481B3BE62000C5B265 /* AFURLConnectionOperation.m */ = {isa = PBXFileReference; fileEncoding = 4; lastKnownFileType = sourcecode.c.objc; path = AFURLConnectionOperation.m; sourceTree = "<group>"; };
		943343491B3BE62000C5B265 /* AFURLRequestSerialization.h */ = {isa = PBXFileReference; fileEncoding = 4; lastKnownFileType = sourcecode.c.h; path = AFURLRequestSerialization.h; sourceTree = "<group>"; };
		9433434A1B3BE62000C5B265 /* AFURLRequestSerialization.m */ = {isa = PBXFileReference; fileEncoding = 4; lastKnownFileType = sourcecode.c.objc; path = AFURLRequestSerialization.m; sourceTree = "<group>"; };
		9433434B1B3BE62000C5B265 /* AFURLResponseSerialization.h */ = {isa = PBXFileReference; fileEncoding = 4; lastKnownFileType = sourcecode.c.h; path = AFURLResponseSerialization.h; sourceTree = "<group>"; };
		9433434C1B3BE62000C5B265 /* AFURLResponseSerialization.m */ = {isa = PBXFileReference; fileEncoding = 4; lastKnownFileType = sourcecode.c.objc; path = AFURLResponseSerialization.m; sourceTree = "<group>"; };
		9433434D1B3BE62000C5B265 /* AFURLSessionManager.h */ = {isa = PBXFileReference; fileEncoding = 4; lastKnownFileType = sourcecode.c.h; path = AFURLSessionManager.h; sourceTree = "<group>"; };
		9433434E1B3BE62000C5B265 /* AFURLSessionManager.m */ = {isa = PBXFileReference; fileEncoding = 4; lastKnownFileType = sourcecode.c.objc; path = AFURLSessionManager.m; sourceTree = "<group>"; };
		943343581B3C31AB00C5B265 /* Coordinates.h */ = {isa = PBXFileReference; fileEncoding = 4; lastKnownFileType = sourcecode.c.h; path = Coordinates.h; sourceTree = "<group>"; };
		943343591B3C31AB00C5B265 /* Coordinates.m */ = {isa = PBXFileReference; fileEncoding = 4; lastKnownFileType = sourcecode.c.objc; path = Coordinates.m; sourceTree = "<group>"; };
		94933B9B1B3D45BD000FE6B5 /* ZonesViewController.h */ = {isa = PBXFileReference; fileEncoding = 4; lastKnownFileType = sourcecode.c.h; path = ZonesViewController.h; sourceTree = "<group>"; };
		94933B9C1B3D45BD000FE6B5 /* ZonesViewController.m */ = {isa = PBXFileReference; fileEncoding = 4; lastKnownFileType = sourcecode.c.objc; path = ZonesViewController.m; sourceTree = "<group>"; };
		949538B51B38914000D4319C /* IndexerAdmin.app */ = {isa = PBXFileReference; explicitFileType = wrapper.application; includeInIndex = 0; path = IndexerAdmin.app; sourceTree = BUILT_PRODUCTS_DIR; };
		949538B91B38914000D4319C /* Info.plist */ = {isa = PBXFileReference; lastKnownFileType = text.plist.xml; path = Info.plist; sourceTree = "<group>"; };
		949538BA1B38914000D4319C /* main.m */ = {isa = PBXFileReference; lastKnownFileType = sourcecode.c.objc; path = main.m; sourceTree = "<group>"; };
		949538BC1B38914000D4319C /* AppDelegate.h */ = {isa = PBXFileReference; lastKnownFileType = sourcecode.c.h; path = AppDelegate.h; sourceTree = "<group>"; };
		949538BD1B38914000D4319C /* AppDelegate.m */ = {isa = PBXFileReference; lastKnownFileType = sourcecode.c.objc; path = AppDelegate.m; sourceTree = "<group>"; };
		949538C31B38914000D4319C /* Base */ = {isa = PBXFileReference; lastKnownFileType = file.storyboard; name = Base; path = Base.lproj/Main.storyboard; sourceTree = "<group>"; };
		949538C81B38914000D4319C /* Base */ = {isa = PBXFileReference; lastKnownFileType = file.xib; name = Base; path = Base.lproj/LaunchScreen.xib; sourceTree = "<group>"; };
		949538CE1B38914000D4319C /* IndexerAdminTests.xctest */ = {isa = PBXFileReference; explicitFileType = wrapper.cfbundle; includeInIndex = 0; path = IndexerAdminTests.xctest; sourceTree = BUILT_PRODUCTS_DIR; };
		949538D31B38914000D4319C /* Info.plist */ = {isa = PBXFileReference; lastKnownFileType = text.plist.xml; path = Info.plist; sourceTree = "<group>"; };
		949538D41B38914000D4319C /* IndexerAdminTests.m */ = {isa = PBXFileReference; lastKnownFileType = sourcecode.c.objc; path = IndexerAdminTests.m; sourceTree = "<group>"; };
		949538E51B3894D300D4319C /* User.h */ = {isa = PBXFileReference; fileEncoding = 4; lastKnownFileType = sourcecode.c.h; path = User.h; sourceTree = "<group>"; };
		949538E61B3894D300D4319C /* User.m */ = {isa = PBXFileReference; fileEncoding = 4; lastKnownFileType = sourcecode.c.objc; path = User.m; sourceTree = "<group>"; };
		949538E81B3899FD00D4319C /* Administator.h */ = {isa = PBXFileReference; fileEncoding = 4; lastKnownFileType = sourcecode.c.h; path = Administator.h; sourceTree = "<group>"; };
		949538E91B3899FD00D4319C /* Administator.m */ = {isa = PBXFileReference; fileEncoding = 4; lastKnownFileType = sourcecode.c.objc; path = Administator.m; sourceTree = "<group>"; };
		949538EB1B389BC400D4319C /* Zone.h */ = {isa = PBXFileReference; fileEncoding = 4; lastKnownFileType = sourcecode.c.h; path = Zone.h; sourceTree = "<group>"; };
		949538EC1B389BC400D4319C /* Zone.m */ = {isa = PBXFileReference; fileEncoding = 4; lastKnownFileType = sourcecode.c.objc; path = Zone.m; sourceTree = "<group>"; };
		949538EE1B38A2DD00D4319C /* Note.h */ = {isa = PBXFileReference; fileEncoding = 4; lastKnownFileType = sourcecode.c.h; path = Note.h; sourceTree = "<group>"; };
		949538EF1B38A2DD00D4319C /* Note.m */ = {isa = PBXFileReference; fileEncoding = 4; lastKnownFileType = sourcecode.c.objc; path = Note.m; sourceTree = "<group>"; };
		949538F41B38B02F00D4319C /* MapKit.framework */ = {isa = PBXFileReference; lastKnownFileType = wrapper.framework; name = MapKit.framework; path = System/Library/Frameworks/MapKit.framework; sourceTree = SDKROOT; };
		949BA2231B3DA0B90026A9A8 /* DetailViewController.h */ = {isa = PBXFileReference; fileEncoding = 4; lastKnownFileType = sourcecode.c.h; path = DetailViewController.h; sourceTree = "<group>"; };
		949BA2241B3DA0B90026A9A8 /* DetailViewController.m */ = {isa = PBXFileReference; fileEncoding = 4; lastKnownFileType = sourcecode.c.objc; path = DetailViewController.m; sourceTree = "<group>"; };
		94E500491B4145A500367EB9 /* NoteTableViewCell.h */ = {isa = PBXFileReference; fileEncoding = 4; lastKnownFileType = sourcecode.c.h; path = NoteTableViewCell.h; sourceTree = "<group>"; };
		94E5004A1B4145A500367EB9 /* NoteTableViewCell.m */ = {isa = PBXFileReference; fileEncoding = 4; lastKnownFileType = sourcecode.c.objc; path = NoteTableViewCell.m; sourceTree = "<group>"; };
		94F417F21B39358C0032ECCB /* LoginViewController.h */ = {isa = PBXFileReference; fileEncoding = 4; lastKnownFileType = sourcecode.c.h; path = LoginViewController.h; sourceTree = "<group>"; };
		94F417F31B39358C0032ECCB /* LoginViewController.m */ = {isa = PBXFileReference; fileEncoding = 4; lastKnownFileType = sourcecode.c.objc; path = LoginViewController.m; sourceTree = "<group>"; };
		94F417FA1B393DA10032ECCB /* AdministrationViewController.h */ = {isa = PBXFileReference; fileEncoding = 4; lastKnownFileType = sourcecode.c.h; path = AdministrationViewController.h; sourceTree = "<group>"; };
		94F417FB1B393DA10032ECCB /* AdministrationViewController.m */ = {isa = PBXFileReference; fileEncoding = 4; lastKnownFileType = sourcecode.c.objc; path = AdministrationViewController.m; sourceTree = "<group>"; };
		94F6AEA71B4573AD003A4F90 /* appli_ic.png */ = {isa = PBXFileReference; lastKnownFileType = image.png; path = appli_ic.png; sourceTree = "<group>"; };
		94F6AEAF1B459070003A4F90 /* HomeViewController.h */ = {isa = PBXFileReference; fileEncoding = 4; lastKnownFileType = sourcecode.c.h; path = HomeViewController.h; sourceTree = "<group>"; };
		94F6AEB01B459070003A4F90 /* HomeViewController.m */ = {isa = PBXFileReference; fileEncoding = 4; lastKnownFileType = sourcecode.c.objc; path = HomeViewController.m; sourceTree = "<group>"; };
		94F6AEB21B45A8F3003A4F90 /* Icon.png */ = {isa = PBXFileReference; lastKnownFileType = image.png; path = Icon.png; sourceTree = "<group>"; };
		94F6AEB51B45A9A1003A4F90 /* Images.xcassets */ = {isa = PBXFileReference; lastKnownFileType = folder.assetcatalog; path = Images.xcassets; sourceTree = "<group>"; };
/* End PBXFileReference section */

/* Begin PBXFrameworksBuildPhase section */
		949538B21B38914000D4319C /* Frameworks */ = {
			isa = PBXFrameworksBuildPhase;
			buildActionMask = 2147483647;
			files = (
				949538F51B38B02F00D4319C /* MapKit.framework in Frameworks */,
			);
			runOnlyForDeploymentPostprocessing = 0;
		};
		949538CB1B38914000D4319C /* Frameworks */ = {
			isa = PBXFrameworksBuildPhase;
			buildActionMask = 2147483647;
			files = (
			);
			runOnlyForDeploymentPostprocessing = 0;
		};
/* End PBXFrameworksBuildPhase section */

/* Begin PBXGroup section */
		9433433B1B3BE60200C5B265 /* AFNetworking */ = {
			isa = PBXGroup;
			children = (
				9433433C1B3BE62000C5B265 /* AFHTTPRequestOperation.h */,
				9433433D1B3BE62000C5B265 /* AFHTTPRequestOperation.m */,
				9433433E1B3BE62000C5B265 /* AFHTTPRequestOperationManager.h */,
				9433433F1B3BE62000C5B265 /* AFHTTPRequestOperationManager.m */,
				943343401B3BE62000C5B265 /* AFHTTPSessionManager.h */,
				943343411B3BE62000C5B265 /* AFHTTPSessionManager.m */,
				943343421B3BE62000C5B265 /* AFNetworking.h */,
				943343431B3BE62000C5B265 /* AFNetworkReachabilityManager.h */,
				943343441B3BE62000C5B265 /* AFNetworkReachabilityManager.m */,
				943343451B3BE62000C5B265 /* AFSecurityPolicy.h */,
				943343461B3BE62000C5B265 /* AFSecurityPolicy.m */,
				943343471B3BE62000C5B265 /* AFURLConnectionOperation.h */,
				943343481B3BE62000C5B265 /* AFURLConnectionOperation.m */,
				943343491B3BE62000C5B265 /* AFURLRequestSerialization.h */,
				9433434A1B3BE62000C5B265 /* AFURLRequestSerialization.m */,
				9433434B1B3BE62000C5B265 /* AFURLResponseSerialization.h */,
				9433434C1B3BE62000C5B265 /* AFURLResponseSerialization.m */,
				9433434D1B3BE62000C5B265 /* AFURLSessionManager.h */,
				9433434E1B3BE62000C5B265 /* AFURLSessionManager.m */,
			);
			name = AFNetworking;
			sourceTree = "<group>";
		};
		94933B9A1B3D45A0000FE6B5 /* Zones */ = {
			isa = PBXGroup;
			children = (
				94933B9B1B3D45BD000FE6B5 /* ZonesViewController.h */,
				94933B9C1B3D45BD000FE6B5 /* ZonesViewController.m */,
			);
			name = Zones;
			sourceTree = "<group>";
		};
		94933B9E1B3D88C0000FE6B5 /* Détails */ = {
			isa = PBXGroup;
			children = (
				949BA2231B3DA0B90026A9A8 /* DetailViewController.h */,
				949BA2241B3DA0B90026A9A8 /* DetailViewController.m */,
				94E500491B4145A500367EB9 /* NoteTableViewCell.h */,
				94E5004A1B4145A500367EB9 /* NoteTableViewCell.m */,
			);
			name = "Détails";
			sourceTree = "<group>";
		};
		949538AC1B38914000D4319C = {
			isa = PBXGroup;
			children = (
				94F6AEA61B4573A0003A4F90 /* Ressources */,
				9433433B1B3BE60200C5B265 /* AFNetworking */,
				949538F41B38B02F00D4319C /* MapKit.framework */,
				949538B71B38914000D4319C /* IndexerAdmin */,
				949538D11B38914000D4319C /* IndexerAdminTests */,
				949538B61B38914000D4319C /* Products */,
			);
			sourceTree = "<group>";
		};
		949538B61B38914000D4319C /* Products */ = {
			isa = PBXGroup;
			children = (
				949538B51B38914000D4319C /* IndexerAdmin.app */,
				949538CE1B38914000D4319C /* IndexerAdminTests.xctest */,
			);
			name = Products;
			sourceTree = "<group>";
		};
		949538B71B38914000D4319C /* IndexerAdmin */ = {
			isa = PBXGroup;
			children = (
				949538DF1B3891A600D4319C /* Entites */,
				949538DE1B3891A000D4319C /* IHM */,
				949538BC1B38914000D4319C /* AppDelegate.h */,
				949538BD1B38914000D4319C /* AppDelegate.m */,
				949538C21B38914000D4319C /* Main.storyboard */,
				949538C71B38914000D4319C /* LaunchScreen.xib */,
				949538B81B38914000D4319C /* Supporting Files */,
				94F6AEB51B45A9A1003A4F90 /* Images.xcassets */,
			);
			path = IndexerAdmin;
			sourceTree = "<group>";
		};
		949538B81B38914000D4319C /* Supporting Files */ = {
			isa = PBXGroup;
			children = (
				949538B91B38914000D4319C /* Info.plist */,
				949538BA1B38914000D4319C /* main.m */,
			);
			name = "Supporting Files";
			sourceTree = "<group>";
		};
		949538D11B38914000D4319C /* IndexerAdminTests */ = {
			isa = PBXGroup;
			children = (
				949538D41B38914000D4319C /* IndexerAdminTests.m */,
				949538D21B38914000D4319C /* Supporting Files */,
			);
			path = IndexerAdminTests;
			sourceTree = "<group>";
		};
		949538D21B38914000D4319C /* Supporting Files */ = {
			isa = PBXGroup;
			children = (
				949538D31B38914000D4319C /* Info.plist */,
			);
			name = "Supporting Files";
			sourceTree = "<group>";
		};
		949538DE1B3891A000D4319C /* IHM */ = {
			isa = PBXGroup;
			children = (
				94F6AEAE1B459066003A4F90 /* Home */,
				94933B9E1B3D88C0000FE6B5 /* Détails */,
				94933B9A1B3D45A0000FE6B5 /* Zones */,
				94F417F91B393D750032ECCB /* Administration */,
				949538E41B3892CC00D4319C /* Login */,
			);
			name = IHM;
			sourceTree = "<group>";
		};
		949538DF1B3891A600D4319C /* Entites */ = {
			isa = PBXGroup;
			children = (
				94F417F51B393D080032ECCB /* Person */,
				949538EB1B389BC400D4319C /* Zone.h */,
				949538EC1B389BC400D4319C /* Zone.m */,
				949538EE1B38A2DD00D4319C /* Note.h */,
				949538EF1B38A2DD00D4319C /* Note.m */,
				943343581B3C31AB00C5B265 /* Coordinates.h */,
				943343591B3C31AB00C5B265 /* Coordinates.m */,
			);
			name = Entites;
			sourceTree = "<group>";
		};
		949538E41B3892CC00D4319C /* Login */ = {
			isa = PBXGroup;
			children = (
				94F417F21B39358C0032ECCB /* LoginViewController.h */,
				94F417F31B39358C0032ECCB /* LoginViewController.m */,
			);
			name = Login;
			sourceTree = "<group>";
		};
		94F417F51B393D080032ECCB /* Person */ = {
			isa = PBXGroup;
			children = (
				949538E51B3894D300D4319C /* User.h */,
				949538E61B3894D300D4319C /* User.m */,
				949538E81B3899FD00D4319C /* Administator.h */,
				949538E91B3899FD00D4319C /* Administator.m */,
			);
			name = Person;
			sourceTree = "<group>";
		};
		94F417F91B393D750032ECCB /* Administration */ = {
			isa = PBXGroup;
			children = (
				94F417FA1B393DA10032ECCB /* AdministrationViewController.h */,
				94F417FB1B393DA10032ECCB /* AdministrationViewController.m */,
			);
			name = Administration;
			sourceTree = "<group>";
		};
		94F6AEA61B4573A0003A4F90 /* Ressources */ = {
			isa = PBXGroup;
			children = (
				94F6AEB21B45A8F3003A4F90 /* Icon.png */,
				94F6AEA71B4573AD003A4F90 /* appli_ic.png */,
			);
			name = Ressources;
			sourceTree = "<group>";
		};
		94F6AEAE1B459066003A4F90 /* Home */ = {
			isa = PBXGroup;
			children = (
				94F6AEAF1B459070003A4F90 /* HomeViewController.h */,
				94F6AEB01B459070003A4F90 /* HomeViewController.m */,
			);
			name = Home;
			sourceTree = "<group>";
		};
/* End PBXGroup section */

/* Begin PBXNativeTarget section */
		949538B41B38914000D4319C /* IndexerAdmin */ = {
			isa = PBXNativeTarget;
			buildConfigurationList = 949538D81B38914000D4319C /* Build configuration list for PBXNativeTarget "IndexerAdmin" */;
			buildPhases = (
				949538B11B38914000D4319C /* Sources */,
				949538B21B38914000D4319C /* Frameworks */,
				949538B31B38914000D4319C /* Resources */,
			);
			buildRules = (
			);
			dependencies = (
			);
			name = IndexerAdmin;
			productName = IndexerAdmin;
			productReference = 949538B51B38914000D4319C /* IndexerAdmin.app */;
			productType = "com.apple.product-type.application";
		};
		949538CD1B38914000D4319C /* IndexerAdminTests */ = {
			isa = PBXNativeTarget;
			buildConfigurationList = 949538DB1B38914000D4319C /* Build configuration list for PBXNativeTarget "IndexerAdminTests" */;
			buildPhases = (
				949538CA1B38914000D4319C /* Sources */,
				949538CB1B38914000D4319C /* Frameworks */,
				949538CC1B38914000D4319C /* Resources */,
			);
			buildRules = (
			);
			dependencies = (
				949538D01B38914000D4319C /* PBXTargetDependency */,
			);
			name = IndexerAdminTests;
			productName = IndexerAdminTests;
			productReference = 949538CE1B38914000D4319C /* IndexerAdminTests.xctest */;
			productType = "com.apple.product-type.bundle.unit-test";
		};
/* End PBXNativeTarget section */

/* Begin PBXProject section */
		949538AD1B38914000D4319C /* Project object */ = {
			isa = PBXProject;
			attributes = {
				LastUpgradeCheck = 0630;
				ORGANIZATIONNAME = "Jordy Kingama";
				TargetAttributes = {
					949538B41B38914000D4319C = {
						CreatedOnToolsVersion = 6.3.2;
						SystemCapabilities = {
							com.apple.Maps.iOS = {
								enabled = 1;
							};
						};
					};
					949538CD1B38914000D4319C = {
						CreatedOnToolsVersion = 6.3.2;
						TestTargetID = 949538B41B38914000D4319C;
					};
				};
			};
			buildConfigurationList = 949538B01B38914000D4319C /* Build configuration list for PBXProject "IndexerAdmin" */;
			compatibilityVersion = "Xcode 3.2";
			developmentRegion = English;
			hasScannedForEncodings = 0;
			knownRegions = (
				en,
				Base,
			);
			mainGroup = 949538AC1B38914000D4319C;
			productRefGroup = 949538B61B38914000D4319C /* Products */;
			projectDirPath = "";
			projectRoot = "";
			targets = (
				949538B41B38914000D4319C /* IndexerAdmin */,
				949538CD1B38914000D4319C /* IndexerAdminTests */,
			);
		};
/* End PBXProject section */

/* Begin PBXResourcesBuildPhase section */
		949538B31B38914000D4319C /* Resources */ = {
			isa = PBXResourcesBuildPhase;
			buildActionMask = 2147483647;
			files = (
				94F6AEA81B4573AD003A4F90 /* appli_ic.png in Resources */,
				94F6AEB61B45A9A1003A4F90 /* Images.xcassets in Resources */,
				94F6AEB31B45A8F3003A4F90 /* Icon.png in Resources */,
				949538C41B38914000D4319C /* Main.storyboard in Resources */,
				949538C91B38914000D4319C /* LaunchScreen.xib in Resources */,
			);
			runOnlyForDeploymentPostprocessing = 0;
		};
		949538CC1B38914000D4319C /* Resources */ = {
			isa = PBXResourcesBuildPhase;
			buildActionMask = 2147483647;
			files = (
			);
			runOnlyForDeploymentPostprocessing = 0;
		};
/* End PBXResourcesBuildPhase section */

/* Begin PBXSourcesBuildPhase section */
		949538B11B38914000D4319C /* Sources */ = {
			isa = PBXSourcesBuildPhase;
			buildActionMask = 2147483647;
			files = (
				943343541B3BE62000C5B265 /* AFURLConnectionOperation.m in Sources */,
				949538E71B3894D300D4319C /* User.m in Sources */,
				949BA2251B3DA0B90026A9A8 /* DetailViewController.m in Sources */,
				943343531B3BE62000C5B265 /* AFSecurityPolicy.m in Sources */,
				949538EA1B3899FD00D4319C /* Administator.m in Sources */,
				943343501B3BE62000C5B265 /* AFHTTPRequestOperationManager.m in Sources */,
				949538BE1B38914000D4319C /* AppDelegate.m in Sources */,
				94F417F41B39358C0032ECCB /* LoginViewController.m in Sources */,
				94E5004B1B4145A500367EB9 /* NoteTableViewCell.m in Sources */,
				94F417FC1B393DA10032ECCB /* AdministrationViewController.m in Sources */,
				94933B9D1B3D45BD000FE6B5 /* ZonesViewController.m in Sources */,
				943343571B3BE62100C5B265 /* AFURLSessionManager.m in Sources */,
				943343561B3BE62100C5B265 /* AFURLResponseSerialization.m in Sources */,
				949538ED1B389BC400D4319C /* Zone.m in Sources */,
				949538BB1B38914000D4319C /* main.m in Sources */,
				943343551B3BE62100C5B265 /* AFURLRequestSerialization.m in Sources */,
				9433435A1B3C31AB00C5B265 /* Coordinates.m in Sources */,
				94F6AEB11B459070003A4F90 /* HomeViewController.m in Sources */,
				943343521B3BE62000C5B265 /* AFNetworkReachabilityManager.m in Sources */,
				949538F01B38A2DD00D4319C /* Note.m in Sources */,
				9433434F1B3BE62000C5B265 /* AFHTTPRequestOperation.m in Sources */,
				943343511B3BE62000C5B265 /* AFHTTPSessionManager.m in Sources */,
			);
			runOnlyForDeploymentPostprocessing = 0;
		};
		949538CA1B38914000D4319C /* Sources */ = {
			isa = PBXSourcesBuildPhase;
			buildActionMask = 2147483647;
			files = (
				949538D51B38914000D4319C /* IndexerAdminTests.m in Sources */,
			);
			runOnlyForDeploymentPostprocessing = 0;
		};
/* End PBXSourcesBuildPhase section */

/* Begin PBXTargetDependency section */
		949538D01B38914000D4319C /* PBXTargetDependency */ = {
			isa = PBXTargetDependency;
			target = 949538B41B38914000D4319C /* IndexerAdmin */;
			targetProxy = 949538CF1B38914000D4319C /* PBXContainerItemProxy */;
		};
/* End PBXTargetDependency section */

/* Begin PBXVariantGroup section */
		949538C21B38914000D4319C /* Main.storyboard */ = {
			isa = PBXVariantGroup;
			children = (
				949538C31B38914000D4319C /* Base */,
			);
			name = Main.storyboard;
			sourceTree = "<group>";
		};
		949538C71B38914000D4319C /* LaunchScreen.xib */ = {
			isa = PBXVariantGroup;
			children = (
				949538C81B38914000D4319C /* Base */,
			);
			name = LaunchScreen.xib;
			sourceTree = "<group>";
		};
/* End PBXVariantGroup section */

/* Begin XCBuildConfiguration section */
		949538D61B38914000D4319C /* Debug */ = {
			isa = XCBuildConfiguration;
			buildSettings = {
				ALWAYS_SEARCH_USER_PATHS = NO;
				CLANG_CXX_LANGUAGE_STANDARD = "gnu++0x";
				CLANG_CXX_LIBRARY = "libc++";
				CLANG_ENABLE_MODULES = YES;
				CLANG_ENABLE_OBJC_ARC = YES;
				CLANG_WARN_BOOL_CONVERSION = YES;
				CLANG_WARN_CONSTANT_CONVERSION = YES;
				CLANG_WARN_DIRECT_OBJC_ISA_USAGE = YES_ERROR;
				CLANG_WARN_EMPTY_BODY = YES;
				CLANG_WARN_ENUM_CONVERSION = YES;
				CLANG_WARN_INT_CONVERSION = YES;
				CLANG_WARN_OBJC_ROOT_CLASS = YES_ERROR;
				CLANG_WARN_UNREACHABLE_CODE = YES;
				CLANG_WARN__DUPLICATE_METHOD_MATCH = YES;
				"CODE_SIGN_IDENTITY[sdk=iphoneos*]" = "iPhone Developer";
				COPY_PHASE_STRIP = NO;
				DEBUG_INFORMATION_FORMAT = "dwarf-with-dsym";
				ENABLE_STRICT_OBJC_MSGSEND = YES;
				GCC_C_LANGUAGE_STANDARD = gnu99;
				GCC_DYNAMIC_NO_PIC = NO;
				GCC_NO_COMMON_BLOCKS = YES;
				GCC_OPTIMIZATION_LEVEL = 0;
				GCC_PREPROCESSOR_DEFINITIONS = (
					"DEBUG=1",
					"$(inherited)",
				);
				GCC_SYMBOLS_PRIVATE_EXTERN = NO;
				GCC_WARN_64_TO_32_BIT_CONVERSION = YES;
				GCC_WARN_ABOUT_RETURN_TYPE = YES_ERROR;
				GCC_WARN_UNDECLARED_SELECTOR = YES;
				GCC_WARN_UNINITIALIZED_AUTOS = YES_AGGRESSIVE;
				GCC_WARN_UNUSED_FUNCTION = YES;
				GCC_WARN_UNUSED_VARIABLE = YES;
				IPHONEOS_DEPLOYMENT_TARGET = 8.3;
				MTL_ENABLE_DEBUG_INFO = YES;
				ONLY_ACTIVE_ARCH = YES;
				SDKROOT = iphoneos;
			};
			name = Debug;
		};
		949538D71B38914000D4319C /* Release */ = {
			isa = XCBuildConfiguration;
			buildSettings = {
				ALWAYS_SEARCH_USER_PATHS = NO;
				CLANG_CXX_LANGUAGE_STANDARD = "gnu++0x";
				CLANG_CXX_LIBRARY = "libc++";
				CLANG_ENABLE_MODULES = YES;
				CLANG_ENABLE_OBJC_ARC = YES;
				CLANG_WARN_BOOL_CONVERSION = YES;
				CLANG_WARN_CONSTANT_CONVERSION = YES;
				CLANG_WARN_DIRECT_OBJC_ISA_USAGE = YES_ERROR;
				CLANG_WARN_EMPTY_BODY = YES;
				CLANG_WARN_ENUM_CONVERSION = YES;
				CLANG_WARN_INT_CONVERSION = YES;
				CLANG_WARN_OBJC_ROOT_CLASS = YES_ERROR;
				CLANG_WARN_UNREACHABLE_CODE = YES;
				CLANG_WARN__DUPLICATE_METHOD_MATCH = YES;
				"CODE_SIGN_IDENTITY[sdk=iphoneos*]" = "iPhone Developer";
				COPY_PHASE_STRIP = NO;
				DEBUG_INFORMATION_FORMAT = "dwarf-with-dsym";
				ENABLE_NS_ASSERTIONS = NO;
				ENABLE_STRICT_OBJC_MSGSEND = YES;
				GCC_C_LANGUAGE_STANDARD = gnu99;
				GCC_NO_COMMON_BLOCKS = YES;
				GCC_WARN_64_TO_32_BIT_CONVERSION = YES;
				GCC_WARN_ABOUT_RETURN_TYPE = YES_ERROR;
				GCC_WARN_UNDECLARED_SELECTOR = YES;
				GCC_WARN_UNINITIALIZED_AUTOS = YES_AGGRESSIVE;
				GCC_WARN_UNUSED_FUNCTION = YES;
				GCC_WARN_UNUSED_VARIABLE = YES;
				IPHONEOS_DEPLOYMENT_TARGET = 8.3;
				MTL_ENABLE_DEBUG_INFO = NO;
				SDKROOT = iphoneos;
				VALIDATE_PRODUCT = YES;
			};
			name = Release;
		};
		949538D91B38914000D4319C /* Debug */ = {
			isa = XCBuildConfiguration;
			buildSettings = {
				ASSETCATALOG_COMPILER_APPICON_NAME = AppIcon;
				INFOPLIST_FILE = IndexerAdmin/Info.plist;
				IPHONEOS_DEPLOYMENT_TARGET = 8.2;
				LD_RUNPATH_SEARCH_PATHS = "$(inherited) @executable_path/Frameworks";
				PRODUCT_NAME = "$(TARGET_NAME)";
				TARGETED_DEVICE_FAMILY = "1,2";
			};
			name = Debug;
		};
		949538DA1B38914000D4319C /* Release */ = {
			isa = XCBuildConfiguration;
			buildSettings = {
				ASSETCATALOG_COMPILER_APPICON_NAME = AppIcon;
				INFOPLIST_FILE = IndexerAdmin/Info.plist;
				IPHONEOS_DEPLOYMENT_TARGET = 8.2;
				LD_RUNPATH_SEARCH_PATHS = "$(inherited) @executable_path/Frameworks";
				PRODUCT_NAME = "$(TARGET_NAME)";
				TARGETED_DEVICE_FAMILY = "1,2";
			};
			name = Release;
		};
		949538DC1B38914000D4319C /* Debug */ = {
			isa = XCBuildConfiguration;
			buildSettings = {
				BUNDLE_LOADER = "$(TEST_HOST)";
				FRAMEWORK_SEARCH_PATHS = (
					"$(SDKROOT)/Developer/Library/Frameworks",
					"$(inherited)",
				);
				GCC_PREPROCESSOR_DEFINITIONS = (
					"DEBUG=1",
					"$(inherited)",
				);
				INFOPLIST_FILE = IndexerAdminTests/Info.plist;
				LD_RUNPATH_SEARCH_PATHS = "$(inherited) @executable_path/Frameworks @loader_path/Frameworks";
				PRODUCT_NAME = "$(TARGET_NAME)";
				TEST_HOST = "$(BUILT_PRODUCTS_DIR)/IndexerAdmin.app/IndexerAdmin";
			};
			name = Debug;
		};
		949538DD1B38914000D4319C /* Release */ = {
			isa = XCBuildConfiguration;
			buildSettings = {
				BUNDLE_LOADER = "$(TEST_HOST)";
				FRAMEWORK_SEARCH_PATHS = (
					"$(SDKROOT)/Developer/Library/Frameworks",
					"$(inherited)",
				);
				INFOPLIST_FILE = IndexerAdminTests/Info.plist;
				LD_RUNPATH_SEARCH_PATHS = "$(inherited) @executable_path/Frameworks @loader_path/Frameworks";
				PRODUCT_NAME = "$(TARGET_NAME)";
				TEST_HOST = "$(BUILT_PRODUCTS_DIR)/IndexerAdmin.app/IndexerAdmin";
			};
			name = Release;
		};
/* End XCBuildConfiguration section */

/* Begin XCConfigurationList section */
		949538B01B38914000D4319C /* Build configuration list for PBXProject "IndexerAdmin" */ = {
			isa = XCConfigurationList;
			buildConfigurations = (
				949538D61B38914000D4319C /* Debug */,
				949538D71B38914000D4319C /* Release */,
			);
			defaultConfigurationIsVisible = 0;
			defaultConfigurationName = Release;
		};
		949538D81B38914000D4319C /* Build configuration list for PBXNativeTarget "IndexerAdmin" */ = {
			isa = XCConfigurationList;
			buildConfigurations = (
				949538D91B38914000D4319C /* Debug */,
				949538DA1B38914000D4319C /* Release */,
			);
			defaultConfigurationIsVisible = 0;
			defaultConfigurationName = Release;
		};
		949538DB1B38914000D4319C /* Build configuration list for PBXNativeTarget "IndexerAdminTests" */ = {
			isa = XCConfigurationList;
			buildConfigurations = (
				949538DC1B38914000D4319C /* Debug */,
				949538DD1B38914000D4319C /* Release */,
			);
			defaultConfigurationIsVisible = 0;
			defaultConfigurationName = Release;
		};
/* End XCConfigurationList section */
	};
	rootObject = 949538AD1B38914000D4319C /* Project object */;
}
